Microsoft Visual Studio Solution File, Format Version 11.00
# Visual Studio 2008

Project("{05075DD0-AC1B-7E54-52D1-BC6CEA652B26}") = "Hide-And-Seek", "Assembly-CSharp.csproj", "{4B66E583-A652-F323-0CD8-3F23A9395B4B}"
EndProject
Global
	GlobalSection(SolutionConfigurationPlatforms) = preSolution
		Debug|Any CPU = Debug|Any CPU
		Release|Any CPU = Release|Any CPU
	EndGlobalSection
	GlobalSection(ProjectConfigurationPlatforms) = postSolution
		{4B66E583-A652-F323-0CD8-3F23A9395B4B}.Debug|Any CPU.ActiveCfg = Debug|Any CPU
		{4B66E583-A652-F323-0CD8-3F23A9395B4B}.Debug|Any CPU.Build.0 = Debug|Any CPU
		{4B66E583-A652-F323-0CD8-3F23A9395B4B}.Release|Any CPU.ActiveCfg = Release|Any CPU
		{4B66E583-A652-F323-0CD8-3F23A9395B4B}.Release|Any CPU.Build.0 = Release|Any CPU
	EndGlobalSection
	GlobalSection(SolutionProperties) = preSolution
		HideSolutionNode = FALSE
	EndGlobalSection
	GlobalSection(MonoDevelopProperties) = preSolution
		StartupItem = Assembly-CSharp.csproj
	EndGlobalSection
EndGlobal
